
Microsoft Visual Studio Solution File, Format Version 12.00
# Visual Studio 2017
Project("{FAE04EC0-301F-11D3-BF4B-00C04F79EFBC}") = "Laviticus", "Laviticus.csproj", "{9886A7FA-061C-EEB1-778A-8D5982AAD92C}"
EndProject
Project("{FAE04EC0-301F-11D3-BF4B-00C04F79EFBC}") = "Laviticus.Editor", "Laviticus.Editor.csproj", "{951FAAD8-4AF0-CF01-72B5-D83B57313F5D}"
EndProject
Global
	GlobalSection(SolutionConfigurationPlatforms) = preSolution
		Debug|Any CPU = Debug|Any CPU
		Release|Any CPU = Release|Any CPU
	EndGlobalSection
	GlobalSection(ProjectConfigurationPlatforms) = postSolution
		{9886A7FA-061C-EEB1-778A-8D5982AAD92C}.Debug|Any CPU.ActiveCfg = Debug|Any CPU
		{9886A7FA-061C-EEB1-778A-8D5982AAD92C}.Debug|Any CPU.Build.0 = Debug|Any CPU
		{9886A7FA-061C-EEB1-778A-8D5982AAD92C}.Release|Any CPU.ActiveCfg = Release|Any CPU
		{9886A7FA-061C-EEB1-778A-8D5982AAD92C}.Release|Any CPU.Build.0 = Release|Any CPU
		{951FAAD8-4AF0-CF01-72B5-D83B57313F5D}.Debug|Any CPU.ActiveCfg = Debug|Any CPU
		{951FAAD8-4AF0-CF01-72B5-D83B57313F5D}.Debug|Any CPU.Build.0 = Debug|Any CPU
		{951FAAD8-4AF0-CF01-72B5-D83B57313F5D}.Release|Any CPU.ActiveCfg = Release|Any CPU
		{951FAAD8-4AF0-CF01-72B5-D83B57313F5D}.Release|Any CPU.Build.0 = Release|Any CPU
	EndGlobalSection
	GlobalSection(SolutionProperties) = preSolution
		HideSolutionNode = FALSE
	EndGlobalSection
EndGlobal
